
Microsoft Visual Studio Solution File, Format Version 12.00
# Visual Studio Version 16
VisualStudioVersion = 16.0.31025.194
MinimumVisualStudioVersion = 10.0.40219.1
Project("{9A19103F-16F7-4668-BE54-9A1E7A4F7556}") = "GradeBook", "GradeBook\GradeBook.csproj", "{5AAF88F9-7843-4DC8-8D09-EDE5A6DDC46C}"
EndProject
Project("{FAE04EC0-301F-11D3-BF4B-00C04F79EFBC}") = "GradeBooksTests", "GradeBooksTests\GradeBooksTests.csproj", "{EE1D326D-9C93-420A-836F-9BFF5E675350}"
EndProject
Global
	GlobalSection(SolutionConfigurationPlatforms) = preSolution
		Debug|Any CPU = Debug|Any CPU
		Release|Any CPU = Release|Any CPU
	EndGlobalSection
	GlobalSection(ProjectConfigurationPlatforms) = postSolution
		{5AAF88F9-7843-4DC8-8D09-EDE5A6DDC46C}.Debug|Any CPU.ActiveCfg = Debug|Any CPU
		{5AAF88F9-7843-4DC8-8D09-EDE5A6DDC46C}.Debug|Any CPU.Build.0 = Debug|Any CPU
		{5AAF88F9-7843-4DC8-8D09-EDE5A6DDC46C}.Release|Any CPU.ActiveCfg = Release|Any CPU
		{5AAF88F9-7843-4DC8-8D09-EDE5A6DDC46C}.Release|Any CPU.Build.0 = Release|Any CPU
		{EE1D326D-9C93-420A-836F-9BFF5E675350}.Debug|Any CPU.ActiveCfg = Debug|Any CPU
		{EE1D326D-9C93-420A-836F-9BFF5E675350}.Debug|Any CPU.Build.0 = Debug|Any CPU
		{EE1D326D-9C93-420A-836F-9BFF5E675350}.Release|Any CPU.ActiveCfg = Release|Any CPU
		{EE1D326D-9C93-420A-836F-9BFF5E675350}.Release|Any CPU.Build.0 = Release|Any CPU
	EndGlobalSection
	GlobalSection(SolutionProperties) = preSolution
		HideSolutionNode = FALSE
	EndGlobalSection
	GlobalSection(ExtensibilityGlobals) = postSolution
		SolutionGuid = {1E950958-1613-4E91-8896-105BB09BAB84}
	EndGlobalSection
EndGlobal
